<?xml version="1.0" encoding="utf-8"?>
<Project ToolsVersion="4.0" xmlns="http://schemas.microsoft.com/developer/msbuild/2003">
  <ItemGroup>
    <Filter Include="Source Files">
      <UniqueIdentifier>{db8f533a-ee38-413d-a7b0-63e0a52a4cce}</UniqueIdentifier>
      <Extensions>cpp;c;cxx;rc;def;r;odl;idl;hpj;bat;for;f90</Extensions>
    </Filter>
    <Filter Include="Header Files">
      <UniqueIdentifier>{71104fdc-0163-4808-bd5d-5a166bddb3be}</UniqueIdentifier>
      <Extensions>h;hpp;hxx;hm;inl;fi;fd</Extensions>
    </Filter>
    <Filter Include="Link Libraries">
      <UniqueIdentifier>{7f57dd3d-c3ed-4b4b-af21-15a963c8072e}</UniqueIdentifier>
    </Filter>
  </ItemGroup>
  <ItemGroup>
    <ClCompile Include="..\..\public\bone_setup.cpp">
      <Filter>Source Files</Filter>
    </ClCompile>
    <ClCompile Include="..\common\cmdlib.cpp">
      <Filter>Source Files</Filter>
    </ClCompile>
    <ClCompile Include="collisionmodel.cpp">
      <Filter>Source Files</Filter>
    </ClCompile>
    <ClCompile Include="..\..\Public\CollisionUtils.cpp">
      <Filter>Source Files</Filter>
    </ClCompile>
    <ClCompile Include="..\..\public\filesystem_helpers.cpp">
      <Filter>Source Files</Filter>
    </ClCompile>
    <ClCompile Include="..\..\public\filesystem_init.cpp">
      <Filter>Source Files</Filter>
    </ClCompile>
    <ClCompile Include="..\common\FileSystem_Tools.cpp">
      <Filter>Source Files</Filter>
    </ClCompile>
    <ClCompile Include="HardwareMatrixState.cpp">
      <Filter>Source Files</Filter>
    </ClCompile>
    <ClCompile Include="HardwareVertexCache.cpp">
      <Filter>Source Files</Filter>
    </ClCompile>
    <ClCompile Include="matsys.cpp">
      <Filter>Source Files</Filter>
    </ClCompile>
    <ClCompile Include="..\..\public\tier0\memoverride.cpp">
      <Filter>Source Files</Filter>
    </ClCompile>
    <ClCompile Include="mrmsupport.cpp">
      <Filter>Source Files</Filter>
    </ClCompile>
    <ClCompile Include="..\common\mstristrip.cpp">
      <Filter>Source Files</Filter>
    </ClCompile>
    <ClCompile Include="objsupport.cpp">
      <Filter>Source Files</Filter>
    </ClCompile>
    <ClCompile Include="optimize.cpp">
      <Filter>Source Files</Filter>
    </ClCompile>
    <ClCompile Include="perfstats.cpp">
      <Filter>Source Files</Filter>
    </ClCompile>
    <ClCompile Include="..\common\physdll.cpp">
      <Filter>Source Files</Filter>
    </ClCompile>
    <ClCompile Include="..\common\scriplib.cpp">
      <Filter>Source Files</Filter>
    </ClCompile>
    <ClCompile Include="simplify.cpp">
      <Filter>Source Files</Filter>
    </ClCompile>
    <ClCompile Include="..\..\public\studio.cpp">
      <Filter>Source Files</Filter>
    </ClCompile>
    <ClCompile Include="studiomdl.cpp">
      <Filter>Source Files</Filter>
    </ClCompile>
    <ClCompile Include="UnifyLODs.cpp">
      <Filter>Source Files</Filter>
    </ClCompile>
    <ClCompile Include="v1support.cpp">
      <Filter>Source Files</Filter>
    </ClCompile>
    <ClCompile Include="write.cpp">
      <Filter>Source Files</Filter>
    </ClCompile>
  </ItemGroup>
  <ItemGroup>
    <ClInclude Include="..\..\Public\amd3dx.h">
      <Filter>Header Files</Filter>
    </ClInclude>
    <ClInclude Include="..\..\public\basehandle.h">
      <Filter>Header Files</Filter>
    </ClInclude>
    <ClInclude Include="..\..\Public\tier0\basetypes.h">
      <Filter>Header Files</Filter>
    </ClInclude>
    <ClInclude Include="..\..\Public\bitvec.h">
      <Filter>Header Files</Filter>
    </ClInclude>
    <ClInclude Include="..\..\public\bone_accessor.h">
      <Filter>Header Files</Filter>
    </ClInclude>
    <ClInclude Include="..\..\public\bone_setup.h">
      <Filter>Header Files</Filter>
    </ClInclude>
    <ClInclude Include="..\..\Public\bspflags.h">
      <Filter>Header Files</Filter>
    </ClInclude>
    <ClInclude Include="..\..\public\tier1\characterset.h">
      <Filter>Header Files</Filter>
    </ClInclude>
    <ClInclude Include="..\common\cmdlib.h">
      <Filter>Header Files</Filter>
    </ClInclude>
    <ClInclude Include="..\..\Public\cmodel.h">
      <Filter>Header Files</Filter>
    </ClInclude>
    <ClInclude Include="collisionmodel.h">
      <Filter>Header Files</Filter>
    </ClInclude>
    <ClInclude Include="..\..\Public\CollisionUtils.h">
      <Filter>Header Files</Filter>
    </ClInclude>
    <ClInclude Include="..\..\Public\commonmacros.h">
      <Filter>Header Files</Filter>
    </ClInclude>
    <ClInclude Include="..\..\public\compressed_vector.h">
      <Filter>Header Files</Filter>
    </ClInclude>
    <ClInclude Include="..\..\Public\const.h">
      <Filter>Header Files</Filter>
    </ClInclude>
    <ClInclude Include="..\..\public\vphysics\constraints.h">
      <Filter>Header Files</Filter>
    </ClInclude>
    <ClInclude Include="..\..\public\tier0\dbg.h">
      <Filter>Header Files</Filter>
    </ClInclude>
    <ClInclude Include="..\..\public\tier0\fasttimer.h">
      <Filter>Header Files</Filter>
    </ClInclude>
    <ClInclude Include="FileBuffer.h">
      <Filter>Header Files</Filter>
    </ClInclude>
    <ClInclude Include="..\..\Public\FileSystem.h">
      <Filter>Header Files</Filter>
    </ClInclude>
    <ClInclude Include="..\..\public\filesystem_helpers.h">
      <Filter>Header Files</Filter>
    </ClInclude>
    <ClInclude Include="..\common\FileSystem_Tools.h">
      <Filter>Header Files</Filter>
    </ClInclude>
    <ClInclude Include="..\..\public\gametrace.h">
      <Filter>Header Files</Filter>
    </ClInclude>
    <ClInclude Include="HardwareMatrixState.h">
      <Filter>Header Files</Filter>
    </ClInclude>
    <ClInclude Include="HardwareVertexCache.h">
      <Filter>Header Files</Filter>
    </ClInclude>
    <ClInclude Include="..\..\public\appframework\IAppSystem.h">
      <Filter>Header Files</Filter>
    </ClInclude>
    <ClInclude Include="..\..\public\vstdlib\ICommandLine.h">
      <Filter>Header Files</Filter>
    </ClInclude>
    <ClInclude Include="..\..\public\ihandleentity.h">
      <Filter>Header Files</Filter>
    </ClInclude>
    <ClInclude Include="..\..\Public\ImageLoader.h">
      <Filter>Header Files</Filter>
    </ClInclude>
    <ClInclude Include="..\..\public\materialsystem\imaterial.h">
      <Filter>Header Files</Filter>
    </ClInclude>
    <ClInclude Include="..\..\public\materialsystem\imaterialsystem.h">
      <Filter>Header Files</Filter>
    </ClInclude>
    <ClInclude Include="..\..\public\materialsystem\imaterialvar.h">
      <Filter>Header Files</Filter>
    </ClInclude>
    <ClInclude Include="..\..\public\tier1\interface.h">
      <Filter>Header Files</Filter>
    </ClInclude>
    <ClInclude Include="..\..\Public\IStudioRender.h">
      <Filter>Header Files</Filter>
    </ClInclude>
    <ClInclude Include="..\..\public\tier1\KeyValues.h">
      <Filter>Header Files</Filter>
    </ClInclude>
    <ClInclude Include="..\..\public\materialsystem\materialsystem_config.h">
      <Filter>Header Files</Filter>
    </ClInclude>
    <ClInclude Include="..\..\Public\MATHLIB.H">
      <Filter>Header Files</Filter>
    </ClInclude>
    <ClInclude Include="matsys.h">
      <Filter>Header Files</Filter>
    </ClInclude>
    <ClInclude Include="..\..\public\tier0\memdbgoff.h">
      <Filter>Header Files</Filter>
    </ClInclude>
    <ClInclude Include="..\..\public\tier0\memdbgon.h">
      <Filter>Header Files</Filter>
    </ClInclude>
    <ClInclude Include="..\common\mstristrip.h">
      <Filter>Header Files</Filter>
    </ClInclude>
    <ClInclude Include="..\NvTriStripLib\NvTriStrip.h">
      <Filter>Header Files</Filter>
    </ClInclude>
    <ClInclude Include="..\..\public\optimize.h">
      <Filter>Header Files</Filter>
    </ClInclude>
    <ClInclude Include="perfstats.h">
      <Filter>Header Files</Filter>
    </ClInclude>
    <ClInclude Include="..\..\Public\phyfile.h">
      <Filter>Header Files</Filter>
    </ClInclude>
    <ClInclude Include="..\common\physdll.h">
      <Filter>Header Files</Filter>
    </ClInclude>
    <ClInclude Include="..\..\public\tier0\platform.h">
      <Filter>Header Files</Filter>
    </ClInclude>
    <ClInclude Include="..\..\public\protected_things.h">
      <Filter>Header Files</Filter>
    </ClInclude>
    <ClInclude Include="..\..\public\vstdlib\random.h">
      <Filter>Header Files</Filter>
    </ClInclude>
    <ClInclude Include="..\common\scriplib.h">
      <Filter>Header Files</Filter>
    </ClInclude>
    <ClInclude Include="..\..\Public\string_t.h">
      <Filter>Header Files</Filter>
    </ClInclude>
    <ClInclude Include="..\..\public\vstdlib\strtools.h">
      <Filter>Header Files</Filter>
    </ClInclude>
    <ClInclude Include="..\..\Public\studio.h">
      <Filter>Header Files</Filter>
    </ClInclude>
    <ClInclude Include="studiomdl.h">
      <Filter>Header Files</Filter>
    </ClInclude>
    <ClInclude Include="..\..\public\tier1\utlbuffer.h">
      <Filter>Header Files</Filter>
    </ClInclude>
    <ClInclude Include="..\..\public\tier1\utldict.h">
      <Filter>Header Files</Filter>
    </ClInclude>
    <ClInclude Include="..\..\public\tier1\utllinkedlist.h">
      <Filter>Header Files</Filter>
    </ClInclude>
    <ClInclude Include="..\..\public\tier1\utlmemory.h">
      <Filter>Header Files</Filter>
    </ClInclude>
    <ClInclude Include="..\..\public\tier1\utlrbtree.h">
      <Filter>Header Files</Filter>
    </ClInclude>
    <ClInclude Include="..\..\public\tier1\utlsymbol.h">
      <Filter>Header Files</Filter>
    </ClInclude>
    <ClInclude Include="..\..\public\tier1\utlvector.h">
      <Filter>Header Files</Filter>
    </ClInclude>
    <ClInclude Include="..\..\Public\vcollide.h">
      <Filter>Header Files</Filter>
    </ClInclude>
    <ClInclude Include="..\..\Public\vcollide_parse.h">
      <Filter>Header Files</Filter>
    </ClInclude>
    <ClInclude Include="..\..\Public\vector.h">
      <Filter>Header Files</Filter>
    </ClInclude>
    <ClInclude Include="..\..\Public\vector2d.h">
      <Filter>Header Files</Filter>
    </ClInclude>
    <ClInclude Include="..\..\Public\vector4d.h">
      <Filter>Header Files</Filter>
    </ClInclude>
    <ClInclude Include="..\..\Public\vmatrix.h">
      <Filter>Header Files</Filter>
    </ClInclude>
    <ClInclude Include="..\..\Public\vphysics_interface.h">
      <Filter>Header Files</Filter>
    </ClInclude>
    <ClInclude Include="..\..\Public\vplane.h">
      <Filter>Header Files</Filter>
    </ClInclude>
    <ClInclude Include="..\..\public\tier0\vprof.h">
      <Filter>Header Files</Filter>
    </ClInclude>
    <ClInclude Include="..\..\public\vstdlib\vstdlib.h">
      <Filter>Header Files</Filter>
    </ClInclude>
  </ItemGroup>
  <ItemGroup>
    <Library Include="..\..\lib\public\mathlib.lib">
      <Filter>Link Libraries</Filter>
    </Library>
    <Library Include="..\..\lib\public\tier1.lib">
      <Filter>Link Libraries</Filter>
    </Library>
    <Library Include="..\..\lib\public\tier2.lib">
      <Filter>Link Libraries</Filter>
    </Library>
  </ItemGroup>
  <ItemGroup>
    <CustomBuild Include="..\..\lib\public\nvtristrip.lib">
      <Filter>Link Libraries</Filter>
    </CustomBuild>
    <CustomBuild Include="..\..\lib\public\tier0.lib">
      <Filter>Link Libraries</Filter>
    </CustomBuild>
    <CustomBuild Include="..\..\lib\public\vstdlib.lib">
      <Filter>Link Libraries</Filter>
    </CustomBuild>
  </ItemGroup>
</Project>